
Microsoft Visual Studio Solution File, Format Version 12.00
# Visual Studio Version 17
VisualStudioVersion = 17.14.36705.20 d17.14
MinimumVisualStudioVersion = 10.0.40219.1
Project("{FAE04EC0-301F-11D3-BF4B-00C04F79EFBC}") = "WebApiWithJwtAuthentication", "WebApiWithJwtAuthentication\WebApiWithJwtAuthentication.csproj", "{41F88404-6515-4DB3-9DC1-7F3489EFE6AB}"
EndProject
Global
	GlobalSection(SolutionConfigurationPlatforms) = preSolution
		Debug|Any CPU = Debug|Any CPU
		Release|Any CPU = Release|Any CPU
	EndGlobalSection
	GlobalSection(ProjectConfigurationPlatforms) = postSolution
		{41F88404-6515-4DB3-9DC1-7F3489EFE6AB}.Debug|Any CPU.ActiveCfg = Debug|Any CPU
		{41F88404-6515-4DB3-9DC1-7F3489EFE6AB}.Debug|Any CPU.Build.0 = Debug|Any CPU
		{41F88404-6515-4DB3-9DC1-7F3489EFE6AB}.Release|Any CPU.ActiveCfg = Release|Any CPU
		{41F88404-6515-4DB3-9DC1-7F3489EFE6AB}.Release|Any CPU.Build.0 = Release|Any CPU
	EndGlobalSection
	GlobalSection(SolutionProperties) = preSolution
		HideSolutionNode = FALSE
	EndGlobalSection
	GlobalSection(ExtensibilityGlobals) = postSolution
		SolutionGuid = {F65C73E7-E44D-41E6-AC4E-3970BBCE9684}
	EndGlobalSection
EndGlobal
