
Microsoft Visual Studio Solution File, Format Version 12.00
# Visual Studio Version 17
VisualStudioVersion = 17.14.36705.20 d17.14
MinimumVisualStudioVersion = 10.0.40219.1
Project("{FAE04EC0-301F-11D3-BF4B-00C04F79EFBC}") = "InterviewProblems", "InterviewProblems\InterviewProblems.csproj", "{C245C201-7E6E-4D46-A9C7-852E496E2E94}"
EndProject
Global
	GlobalSection(SolutionConfigurationPlatforms) = preSolution
		Debug|Any CPU = Debug|Any CPU
		Release|Any CPU = Release|Any CPU
	EndGlobalSection
	GlobalSection(ProjectConfigurationPlatforms) = postSolution
		{C245C201-7E6E-4D46-A9C7-852E496E2E94}.Debug|Any CPU.ActiveCfg = Debug|Any CPU
		{C245C201-7E6E-4D46-A9C7-852E496E2E94}.Debug|Any CPU.Build.0 = Debug|Any CPU
		{C245C201-7E6E-4D46-A9C7-852E496E2E94}.Release|Any CPU.ActiveCfg = Release|Any CPU
		{C245C201-7E6E-4D46-A9C7-852E496E2E94}.Release|Any CPU.Build.0 = Release|Any CPU
	EndGlobalSection
	GlobalSection(SolutionProperties) = preSolution
		HideSolutionNode = FALSE
	EndGlobalSection
	GlobalSection(ExtensibilityGlobals) = postSolution
		SolutionGuid = {BEA456B6-0963-41F0-BC79-8143B05C9E44}
	EndGlobalSection
EndGlobal
